Microsoft Visual Studio Solution File, Format Version 11.00
# Visual Studio 2010
Project("{8BC9CEB8-8B4A-11D0-8D11-00A0C91BC942}") = "ChefTeam_vc10", "ChefTeam_vc10.vcxproj", "{52F04D33-EED5-4EA7-8123-B57083AB4532}"
EndProject
Global
	GlobalSection(SolutionConfigurationPlatforms) = preSolution
		Debug|Any CPU = Debug|Any CPU
		Debug|Mixed Platforms = Debug|Mixed Platforms
		Debug|Win32 = Debug|Win32
		GCC ARM Debug|Any CPU = GCC ARM Debug|Any CPU
		GCC ARM Debug|Mixed Platforms = GCC ARM Debug|Mixed Platforms
		GCC ARM Debug|Win32 = GCC ARM Debug|Win32
		GCC ARM Release|Any CPU = GCC ARM Release|Any CPU
		GCC ARM Release|Mixed Platforms = GCC ARM Release|Mixed Platforms
		GCC ARM Release|Win32 = GCC ARM Release|Win32
		GCC MIPS Debug|Any CPU = GCC MIPS Debug|Any CPU
		GCC MIPS Debug|Mixed Platforms = GCC MIPS Debug|Mixed Platforms
		GCC MIPS Debug|Win32 = GCC MIPS Debug|Win32
		GCC MIPS Release|Any CPU = GCC MIPS Release|Any CPU
		GCC MIPS Release|Mixed Platforms = GCC MIPS Release|Mixed Platforms
		GCC MIPS Release|Win32 = GCC MIPS Release|Win32
		GCC X86 ANDROID Debug|Any CPU = GCC X86 ANDROID Debug|Any CPU
		GCC X86 ANDROID Debug|Mixed Platforms = GCC X86 ANDROID Debug|Mixed Platforms
		GCC X86 ANDROID Debug|Win32 = GCC X86 ANDROID Debug|Win32
		GCC X86 ANDROID Release|Any CPU = GCC X86 ANDROID Release|Any CPU
		GCC X86 ANDROID Release|Mixed Platforms = GCC X86 ANDROID Release|Mixed Platforms
		GCC X86 ANDROID Release|Win32 = GCC X86 ANDROID Release|Win32
		GCC X86 Tizen Debug|Any CPU = GCC X86 Tizen Debug|Any CPU
		GCC X86 Tizen Debug|Mixed Platforms = GCC X86 Tizen Debug|Mixed Platforms
		GCC X86 Tizen Debug|Win32 = GCC X86 Tizen Debug|Win32
		GCC X86 Tizen Release|Any CPU = GCC X86 Tizen Release|Any CPU
		GCC X86 Tizen Release|Mixed Platforms = GCC X86 Tizen Release|Mixed Platforms
		GCC X86 Tizen Release|Win32 = GCC X86 Tizen Release|Win32
		Release|Any CPU = Release|Any CPU
		Release|Mixed Platforms = Release|Mixed Platforms
		Release|Win32 = Release|Win32
		RVCT ARM Debug|Any CPU = RVCT ARM Debug|Any CPU
		RVCT ARM Debug|Mixed Platforms = RVCT ARM Debug|Mixed Platforms
		RVCT ARM Debug|Win32 = RVCT ARM Debug|Win32
		RVCT ARM Release|Any CPU = RVCT ARM Release|Any CPU
		RVCT ARM Release|Mixed Platforms = RVCT ARM Release|Mixed Platforms
		RVCT ARM Release|Win32 = RVCT ARM Release|Win32
		x86 Debug|Any CPU = x86 Debug|Any CPU
		x86 Debug|Mixed Platforms = x86 Debug|Mixed Platforms
		x86 Debug|Win32 = x86 Debug|Win32
		x86 Release|Any CPU = x86 Release|Any CPU
		x86 Release|Mixed Platforms = x86 Release|Mixed Platforms
		x86 Release|Win32 = x86 Release|Win32
	EndGlobalSection
	GlobalSection(ProjectConfigurationPlatforms) = postSolution
		{52F04D33-EED5-4EA7-8123-B57083AB4532}.Debug|Any CPU.ActiveCfg = GCC MIPS Release|Win32
		{52F04D33-EED5-4EA7-8123-B57083AB4532}.Debug|Mixed Platforms.ActiveCfg = GCC MIPS Release|Win32
		{52F04D33-EED5-4EA7-8123-B57083AB4532}.Debug|Mixed Platforms.Build.0 = GCC MIPS Release|Win32
		{52F04D33-EED5-4EA7-8123-B57083AB4532}.Debug|Win32.ActiveCfg = GCC MIPS Debug|Win32
		{52F04D33-EED5-4EA7-8123-B57083AB4532}.Debug|Win32.Build.0 = GCC MIPS Debug|Win32
		{52F04D33-EED5-4EA7-8123-B57083AB4532}.GCC ARM Debug|Any CPU.ActiveCfg = GCC ARM Debug|Win32
		{52F04D33-EED5-4EA7-8123-B57083AB4532}.GCC ARM Debug|Mixed Platforms.ActiveCfg = GCC ARM Debug|Win32
		{52F04D33-EED5-4EA7-8123-B57083AB4532}.GCC ARM Debug|Mixed Platforms.Build.0 = GCC ARM Debug|Win32
		{52F04D33-EED5-4EA7-8123-B57083AB4532}.GCC ARM Debug|Win32.ActiveCfg = GCC ARM Debug|Win32
		{52F04D33-EED5-4EA7-8123-B57083AB4532}.GCC ARM Debug|Win32.Build.0 = GCC ARM Debug|Win32
		{52F04D33-EED5-4EA7-8123-B57083AB4532}.GCC ARM Release|Any CPU.ActiveCfg = GCC ARM Release|Win32
		{52F04D33-EED5-4EA7-8123-B57083AB4532}.GCC ARM Release|Mixed Platforms.ActiveCfg = GCC ARM Release|Win32
		{52F04D33-EED5-4EA7-8123-B57083AB4532}.GCC ARM Release|Mixed Platforms.Build.0 = GCC ARM Release|Win32
		{52F04D33-EED5-4EA7-8123-B57083AB4532}.GCC ARM Release|Win32.ActiveCfg = GCC ARM Release|Win32
		{52F04D33-EED5-4EA7-8123-B57083AB4532}.GCC ARM Release|Win32.Build.0 = GCC ARM Release|Win32
		{52F04D33-EED5-4EA7-8123-B57083AB4532}.GCC MIPS Debug|Any CPU.ActiveCfg = GCC MIPS Debug|Win32
		{52F04D33-EED5-4EA7-8123-B57083AB4532}.GCC MIPS Debug|Mixed Platforms.ActiveCfg = GCC MIPS Debug|Win32
		{52F04D33-EED5-4EA7-8123-B57083AB4532}.GCC MIPS Debug|Mixed Platforms.Build.0 = GCC MIPS Debug|Win32
		{52F04D33-EED5-4EA7-8123-B57083AB4532}.GCC MIPS Debug|Win32.ActiveCfg = GCC MIPS Debug|Win32
		{52F04D33-EED5-4EA7-8123-B57083AB4532}.GCC MIPS Debug|Win32.Build.0 = GCC MIPS Debug|Win32
		{52F04D33-EED5-4EA7-8123-B57083AB4532}.GCC MIPS Release|Any CPU.ActiveCfg = GCC MIPS Release|Win32
		{52F04D33-EED5-4EA7-8123-B57083AB4532}.GCC MIPS Release|Mixed Platforms.ActiveCfg = GCC MIPS Release|Win32
		{52F04D33-EED5-4EA7-8123-B57083AB4532}.GCC MIPS Release|Mixed Platforms.Build.0 = GCC MIPS Release|Win32
		{52F04D33-EED5-4EA7-8123-B57083AB4532}.GCC MIPS Release|Win32.ActiveCfg = GCC MIPS Release|Win32
		{52F04D33-EED5-4EA7-8123-B57083AB4532}.GCC MIPS Release|Win32.Build.0 = GCC MIPS Release|Win32
		{52F04D33-EED5-4EA7-8123-B57083AB4532}.GCC X86 ANDROID Debug|Any CPU.ActiveCfg = GCC X86 ANDROID Debug|Win32
		{52F04D33-EED5-4EA7-8123-B57083AB4532}.GCC X86 ANDROID Debug|Mixed Platforms.ActiveCfg = GCC X86 ANDROID Debug|Win32
		{52F04D33-EED5-4EA7-8123-B57083AB4532}.GCC X86 ANDROID Debug|Mixed Platforms.Build.0 = GCC X86 ANDROID Debug|Win32
		{52F04D33-EED5-4EA7-8123-B57083AB4532}.GCC X86 ANDROID Debug|Win32.ActiveCfg = GCC X86 ANDROID Debug|Win32
		{52F04D33-EED5-4EA7-8123-B57083AB4532}.GCC X86 ANDROID Debug|Win32.Build.0 = GCC X86 ANDROID Debug|Win32
		{52F04D33-EED5-4EA7-8123-B57083AB4532}.GCC X86 ANDROID Release|Any CPU.ActiveCfg = GCC X86 ANDROID Release|Win32
		{52F04D33-EED5-4EA7-8123-B57083AB4532}.GCC X86 ANDROID Release|Mixed Platforms.ActiveCfg = GCC X86 ANDROID Release|Win32
		{52F04D33-EED5-4EA7-8123-B57083AB4532}.GCC X86 ANDROID Release|Mixed Platforms.Build.0 = GCC X86 ANDROID Release|Win32
		{52F04D33-EED5-4EA7-8123-B57083AB4532}.GCC X86 ANDROID Release|Win32.ActiveCfg = GCC X86 ANDROID Release|Win32
		{52F04D33-EED5-4EA7-8123-B57083AB4532}.GCC X86 ANDROID Release|Win32.Build.0 = GCC X86 ANDROID Release|Win32
		{52F04D33-EED5-4EA7-8123-B57083AB4532}.GCC X86 Tizen Debug|Any CPU.ActiveCfg = GCC X86 Tizen Debug|Win32
		{52F04D33-EED5-4EA7-8123-B57083AB4532}.GCC X86 Tizen Debug|Mixed Platforms.ActiveCfg = GCC X86 Tizen Debug|Win32
		{52F04D33-EED5-4EA7-8123-B57083AB4532}.GCC X86 Tizen Debug|Mixed Platforms.Build.0 = GCC X86 Tizen Debug|Win32
		{52F04D33-EED5-4EA7-8123-B57083AB4532}.GCC X86 Tizen Debug|Win32.ActiveCfg = GCC X86 Tizen Debug|Win32
		{52F04D33-EED5-4EA7-8123-B57083AB4532}.GCC X86 Tizen Debug|Win32.Build.0 = GCC X86 Tizen Debug|Win32
		{52F04D33-EED5-4EA7-8123-B57083AB4532}.GCC X86 Tizen Release|Any CPU.ActiveCfg = GCC X86 Tizen Release|Win32
		{52F04D33-EED5-4EA7-8123-B57083AB4532}.GCC X86 Tizen Release|Mixed Platforms.ActiveCfg = GCC X86 Tizen Release|Win32
		{52F04D33-EED5-4EA7-8123-B57083AB4532}.GCC X86 Tizen Release|Mixed Platforms.Build.0 = GCC X86 Tizen Release|Win32
		{52F04D33-EED5-4EA7-8123-B57083AB4532}.GCC X86 Tizen Release|Win32.ActiveCfg = GCC X86 Tizen Release|Win32
		{52F04D33-EED5-4EA7-8123-B57083AB4532}.GCC X86 Tizen Release|Win32.Build.0 = GCC X86 Tizen Release|Win32
		{52F04D33-EED5-4EA7-8123-B57083AB4532}.Release|Any CPU.ActiveCfg = RVCT ARM Release|Win32
		{52F04D33-EED5-4EA7-8123-B57083AB4532}.Release|Mixed Platforms.ActiveCfg = RVCT ARM Release|Win32
		{52F04D33-EED5-4EA7-8123-B57083AB4532}.Release|Mixed Platforms.Build.0 = RVCT ARM Release|Win32
		{52F04D33-EED5-4EA7-8123-B57083AB4532}.Release|Win32.ActiveCfg = GCC MIPS Release|Win32
		{52F04D33-EED5-4EA7-8123-B57083AB4532}.Release|Win32.Build.0 = GCC MIPS Release|Win32
		{52F04D33-EED5-4EA7-8123-B57083AB4532}.RVCT ARM Debug|Any CPU.ActiveCfg = RVCT ARM Debug|Win32
		{52F04D33-EED5-4EA7-8123-B57083AB4532}.RVCT ARM Debug|Mixed Platforms.ActiveCfg = RVCT ARM Debug|Win32
		{52F04D33-EED5-4EA7-8123-B57083AB4532}.RVCT ARM Debug|Mixed Platforms.Build.0 = RVCT ARM Debug|Win32
		{52F04D33-EED5-4EA7-8123-B57083AB4532}.RVCT ARM Debug|Win32.ActiveCfg = RVCT ARM Debug|Win32
		{52F04D33-EED5-4EA7-8123-B57083AB4532}.RVCT ARM Debug|Win32.Build.0 = RVCT ARM Debug|Win32
		{52F04D33-EED5-4EA7-8123-B57083AB4532}.RVCT ARM Release|Any CPU.ActiveCfg = RVCT ARM Release|Win32
		{52F04D33-EED5-4EA7-8123-B57083AB4532}.RVCT ARM Release|Mixed Platforms.ActiveCfg = RVCT ARM Release|Win32
		{52F04D33-EED5-4EA7-8123-B57083AB4532}.RVCT ARM Release|Mixed Platforms.Build.0 = RVCT ARM Release|Win32
		{52F04D33-EED5-4EA7-8123-B57083AB4532}.RVCT ARM Release|Win32.ActiveCfg = RVCT ARM Release|Win32
		{52F04D33-EED5-4EA7-8123-B57083AB4532}.RVCT ARM Release|Win32.Build.0 = RVCT ARM Release|Win32
		{52F04D33-EED5-4EA7-8123-B57083AB4532}.x86 Debug|Any CPU.ActiveCfg = x86 Debug|Win32
		{52F04D33-EED5-4EA7-8123-B57083AB4532}.x86 Debug|Mixed Platforms.ActiveCfg = x86 Debug|Win32
		{52F04D33-EED5-4EA7-8123-B57083AB4532}.x86 Debug|Mixed Platforms.Build.0 = x86 Debug|Win32
		{52F04D33-EED5-4EA7-8123-B57083AB4532}.x86 Debug|Win32.ActiveCfg = x86 Debug|Win32
		{52F04D33-EED5-4EA7-8123-B57083AB4532}.x86 Debug|Win32.Build.0 = x86 Debug|Win32
		{52F04D33-EED5-4EA7-8123-B57083AB4532}.x86 Release|Any CPU.ActiveCfg = x86 Release|Win32
		{52F04D33-EED5-4EA7-8123-B57083AB4532}.x86 Release|Mixed Platforms.ActiveCfg = x86 Release|Win32
		{52F04D33-EED5-4EA7-8123-B57083AB4532}.x86 Release|Mixed Platforms.Build.0 = x86 Release|Win32
		{52F04D33-EED5-4EA7-8123-B57083AB4532}.x86 Release|Win32.ActiveCfg = x86 Release|Win32
		{52F04D33-EED5-4EA7-8123-B57083AB4532}.x86 Release|Win32.Build.0 = x86 Release|Win32
	EndGlobalSection
	GlobalSection(SolutionProperties) = preSolution
		HideSolutionNode = FALSE
	EndGlobalSection
EndGlobal
